
Microsoft Visual Studio Solution File, Format Version 12.00
# Visual Studio Version 16
VisualStudioVersion = 16.0.30907.101
MinimumVisualStudioVersion = 10.0.40219.1
Project("{FAE04EC0-301F-11D3-BF4B-00C04F79EFBC}") = "HackerRankShoppingCart", "HackerRankShoppingCart\HackerRankShoppingCart.csproj", "{006CD757-E588-49C5-A018-365DB5716987}"
EndProject
Global
	GlobalSection(SolutionConfigurationPlatforms) = preSolution
		Debug|Any CPU = Debug|Any CPU
		Release|Any CPU = Release|Any CPU
	EndGlobalSection
	GlobalSection(ProjectConfigurationPlatforms) = postSolution
		{006CD757-E588-49C5-A018-365DB5716987}.Debug|Any CPU.ActiveCfg = Debug|Any CPU
		{006CD757-E588-49C5-A018-365DB5716987}.Debug|Any CPU.Build.0 = Debug|Any CPU
		{006CD757-E588-49C5-A018-365DB5716987}.Release|Any CPU.ActiveCfg = Release|Any CPU
		{006CD757-E588-49C5-A018-365DB5716987}.Release|Any CPU.Build.0 = Release|Any CPU
	EndGlobalSection
	GlobalSection(SolutionProperties) = preSolution
		HideSolutionNode = FALSE
	EndGlobalSection
	GlobalSection(ExtensibilityGlobals) = postSolution
		SolutionGuid = {DDAF7C80-1480-4869-8770-497ECF11989B}
	EndGlobalSection
EndGlobal
